schema: '2.0'
stages:
  train:
    cmd: python pipelines/train_model.py
    deps:
    - path: data/processed/ratings.csv
      hash: md5
      md5: f2c2abd9bafa5d744822af506f1f06e4
      size: 4504550
    - path: pipelines/train_model.py
      hash: md5
      md5: 5232efbba08a119e10263e21e57cd073
      size: 1202
    outs:
    - path: models/svd_model.pkl
      hash: md5
      md5: e9ad5fb9f11b160292df618d0e5e7324
      size: 4304334
